
Microsoft Visual Studio Solution File, Format Version 12.00
# Visual Studio Version 16
VisualStudioVersion = 16.0.31624.102
MinimumVisualStudioVersion = 10.0.40219.1
Project("{8BC9CEB8-8B4A-11D0-8D11-00A0C91BC942}") = "My Blog Page", "My Blog Page\My Blog Page.vcxproj", "{0D3D09ED-9726-45DE-A7F6-294511EEE870}"
EndProject
Global
	GlobalSection(SolutionConfigurationPlatforms) = preSolution
		Debug|x64 = Debug|x64
		Debug|x86 = Debug|x86
		Release|x64 = Release|x64
		Release|x86 = Release|x86
	EndGlobalSection
	GlobalSection(ProjectConfigurationPlatforms) = postSolution
		{0D3D09ED-9726-45DE-A7F6-294511EEE870}.Debug|x64.ActiveCfg = Debug|x64
		{0D3D09ED-9726-45DE-A7F6-294511EEE870}.Debug|x64.Build.0 = Debug|x64
		{0D3D09ED-9726-45DE-A7F6-294511EEE870}.Debug|x86.ActiveCfg = Debug|Win32
		{0D3D09ED-9726-45DE-A7F6-294511EEE870}.Debug|x86.Build.0 = Debug|Win32
		{0D3D09ED-9726-45DE-A7F6-294511EEE870}.Release|x64.ActiveCfg = Release|x64
		{0D3D09ED-9726-45DE-A7F6-294511EEE870}.Release|x64.Build.0 = Release|x64
		{0D3D09ED-9726-45DE-A7F6-294511EEE870}.Release|x86.ActiveCfg = Release|Win32
		{0D3D09ED-9726-45DE-A7F6-294511EEE870}.Release|x86.Build.0 = Release|Win32
	EndGlobalSection
	GlobalSection(SolutionProperties) = preSolution
		HideSolutionNode = FALSE
	EndGlobalSection
	GlobalSection(ExtensibilityGlobals) = postSolution
		SolutionGuid = {D26308F3-B16E-4B4D-B437-15F648A305E9}
	EndGlobalSection
EndGlobal
